// !$*UTF8*$!
{
	archiveVersion = 1;
	classes = {
	};
	objectVersion = 56;
	objects = {

/* Begin PBXBuildFile section */
		294171902BBBFD7200857E2B /* CalculatorController.h in Headers */ = {isa = PBXBuildFile; fileRef = 2941718B2BBBFD7200857E2B /* CalculatorController.h */; };
		294171912BBBFD7200857E2B /* substrate.h in Headers */ = {isa = PBXBuildFile; fileRef = 2941718C2BBBFD7200857E2B /* substrate.h */; };
		294171922BBBFD7200857E2B /* main.m in Sources */ = {isa = PBXBuildFile; fileRef = 2941718D2BBBFD7200857E2B /* main.m */; };
		294171932BBBFD7200857E2B /* LCDController.h in Headers */ = {isa = PBXBuildFile; fileRef = 2941718F2BBBFD7200857E2B /* LCDController.h */; };
		294171962BBBFD8000857E2B /* ellekit.dylib in Frameworks */ = {isa = PBXBuildFile; fileRef = 294171952BBBFD8000857E2B /* ellekit.dylib */; };
/* End PBXBuildFile section */

/* Begin PBXFileReference section */
		2941718B2BBBFD7200857E2B /* CalculatorController.h */ = {isa = PBXFileReference; fileEncoding = 4; lastKnownFileType = sourcecode.c.h; path = CalculatorController.h; sourceTree = "<group>"; };
		2941718C2BBBFD7200857E2B /* substrate.h */ = {isa = PBXFileReference; fileEncoding = 4; lastKnownFileType = sourcecode.c.h; path = substrate.h; sourceTree = "<group>"; };
		2941718D2BBBFD7200857E2B /* main.m */ = {isa = PBXFileReference; fileEncoding = 4; lastKnownFileType = sourcecode.c.objc; path = main.m; sourceTree = "<group>"; };
		2941718E2BBBFD7200857E2B /* libcalculator-tweak.plist */ = {isa = PBXFileReference; lastKnownFileType = text.plist; path = "libcalculator-tweak.plist"; sourceTree = "<group>"; };
		2941718F2BBBFD7200857E2B /* LCDController.h */ = {isa = PBXFileReference; fileEncoding = 4; lastKnownFileType = sourcecode.c.h; path = LCDController.h; sourceTree = "<group>"; };
		294171952BBBFD8000857E2B /* ellekit.dylib */ = {isa = PBXFileReference; lastKnownFileType = "compiled.mach-o.dylib"; name = ellekit.dylib; path = ../../../Library/TweakInject/ellekit.dylib; sourceTree = "<group>"; };
		29E7AB0F2BBBF8E900B6948A /* libcalculator-tweak.dylib */ = {isa = PBXFileReference; explicitFileType = "compiled.mach-o.dylib"; includeInIndex = 0; path = "libcalculator-tweak.dylib"; sourceTree = BUILT_PRODUCTS_DIR; };
/* End PBXFileReference section */

/* Begin PBXFrameworksBuildPhase section */
		29E7AB0D2BBBF8E900B6948A /* Frameworks */ = {
			isa = PBXFrameworksBuildPhase;
			buildActionMask = 2147483647;
			files = (
				294171962BBBFD8000857E2B /* ellekit.dylib in Frameworks */,
			);
			runOnlyForDeploymentPostprocessing = 0;
		};
/* End PBXFrameworksBuildPhase section */

/* Begin PBXGroup section */
		2941718A2BBBFD5B00857E2B /* add1prefix */ = {
			isa = PBXGroup;
			children = (
				2941718B2BBBFD7200857E2B /* CalculatorController.h */,
				2941718F2BBBFD7200857E2B /* LCDController.h */,
				2941718E2BBBFD7200857E2B /* libcalculator-tweak.plist */,
				2941718D2BBBFD7200857E2B /* main.m */,
				2941718C2BBBFD7200857E2B /* substrate.h */,
			);
			path = add1prefix;
			sourceTree = "<group>";
		};
		294171942BBBFD8000857E2B /* Frameworks */ = {
			isa = PBXGroup;
			children = (
				294171952BBBFD8000857E2B /* ellekit.dylib */,
			);
			name = Frameworks;
			sourceTree = "<group>";
		};
		29E7AB062BBBF8E900B6948A = {
			isa = PBXGroup;
			children = (
				2941718A2BBBFD5B00857E2B /* add1prefix */,
				29E7AB102BBBF8E900B6948A /* Products */,
				294171942BBBFD8000857E2B /* Frameworks */,
			);
			sourceTree = "<group>";
		};
		29E7AB102BBBF8E900B6948A /* Products */ = {
			isa = PBXGroup;
			children = (
				29E7AB0F2BBBF8E900B6948A /* libcalculator-tweak.dylib */,
			);
			name = Products;
			sourceTree = "<group>";
		};
/* End PBXGroup section */

/* Begin PBXHeadersBuildPhase section */
		29E7AB0B2BBBF8E900B6948A /* Headers */ = {
			isa = PBXHeadersBuildPhase;
			buildActionMask = 2147483647;
			files = (
				294171912BBBFD7200857E2B /* substrate.h in Headers */,
				294171932BBBFD7200857E2B /* LCDController.h in Headers */,
				294171902BBBFD7200857E2B /* CalculatorController.h in Headers */,
			);
			runOnlyForDeploymentPostprocessing = 0;
		};
/* End PBXHeadersBuildPhase section */

/* Begin PBXNativeTarget section */
		29E7AB0E2BBBF8E900B6948A /* calculator-tweak */ = {
			isa = PBXNativeTarget;
			buildConfigurationList = 29E7AB132BBBF8E900B6948A /* Build configuration list for PBXNativeTarget "calculator-tweak" */;
			buildPhases = (
				29E7AB0B2BBBF8E900B6948A /* Headers */,
				29E7AB0C2BBBF8E900B6948A /* Sources */,
				29E7AB0D2BBBF8E900B6948A /* Frameworks */,
			);
			buildRules = (
			);
			dependencies = (
			);
			name = "calculator-tweak";
			productName = "calculator-tweak-xcode";
			productReference = 29E7AB0F2BBBF8E900B6948A /* libcalculator-tweak.dylib */;
			productType = "com.apple.product-type.library.dynamic";
		};
/* End PBXNativeTarget section */

/* Begin PBXProject section */
		29E7AB072BBBF8E900B6948A /* Project object */ = {
			isa = PBXProject;
			attributes = {
				BuildIndependentTargetsInParallel = 1;
				LastUpgradeCheck = 1420;
				TargetAttributes = {
					29E7AB0E2BBBF8E900B6948A = {
						CreatedOnToolsVersion = 14.2;
					};
				};
			};
			buildConfigurationList = 29E7AB0A2BBBF8E900B6948A /* Build configuration list for PBXProject "calculator-tweak" */;
			compatibilityVersion = "Xcode 14.0";
			developmentRegion = en;
			hasScannedForEncodings = 0;
			knownRegions = (
				en,
				Base,
			);
			mainGroup = 29E7AB062BBBF8E900B6948A;
			productRefGroup = 29E7AB102BBBF8E900B6948A /* Products */;
			projectDirPath = "";
			projectRoot = "";
			targets = (
				29E7AB0E2BBBF8E900B6948A /* calculator-tweak */,
			);
		};
/* End PBXProject section */

/* Begin PBXSourcesBuildPhase section */
		29E7AB0C2BBBF8E900B6948A /* Sources */ = {
			isa = PBXSourcesBuildPhase;
			buildActionMask = 2147483647;
			files = (
				294171922BBBFD7200857E2B /* main.m in Sources */,
			);
			runOnlyForDeploymentPostprocessing = 0;
		};
/* End PBXSourcesBuildPhase section */

/* Begin XCBuildConfiguration section */
		29E7AB112BBBF8E900B6948A /* Debug */ = {
			isa = XCBuildConfiguration;
			buildSettings = {
				ALWAYS_SEARCH_USER_PATHS = NO;
				CLANG_ANALYZER_NONNULL = YES;
				CLANG_ANALYZER_NUMBER_OBJECT_CONVERSION = YES_AGGRESSIVE;
				CLANG_CXX_LANGUAGE_STANDARD = "gnu++20";
				CLANG_ENABLE_MODULES = YES;
				CLANG_ENABLE_OBJC_ARC = YES;
				CLANG_ENABLE_OBJC_WEAK = YES;
				CLANG_WARN_BLOCK_CAPTURE_AUTORELEASING = YES;
				CLANG_WARN_BOOL_CONVERSION = YES;
				CLANG_WARN_COMMA = YES;
				CLANG_WARN_CONSTANT_CONVERSION = YES;
				CLANG_WARN_DEPRECATED_OBJC_IMPLEMENTATIONS = YES;
				CLANG_WARN_DIRECT_OBJC_ISA_USAGE = YES_ERROR;
				CLANG_WARN_DOCUMENTATION_COMMENTS = YES;
				CLANG_WARN_EMPTY_BODY = YES;
				CLANG_WARN_ENUM_CONVERSION = YES;
				CLANG_WARN_INFINITE_RECURSION = YES;
				CLANG_WARN_INT_CONVERSION = YES;
				CLANG_WARN_NON_LITERAL_NULL_CONVERSION = YES;
				CLANG_WARN_OBJC_IMPLICIT_RETAIN_SELF = YES;
				CLANG_WARN_OBJC_LITERAL_CONVERSION = YES;
				CLANG_WARN_OBJC_ROOT_CLASS = YES_ERROR;
				CLANG_WARN_QUOTED_INCLUDE_IN_FRAMEWORK_HEADER = YES;
				CLANG_WARN_RANGE_LOOP_ANALYSIS = YES;
				CLANG_WARN_STRICT_PROTOTYPES = YES;
				CLANG_WARN_SUSPICIOUS_MOVE = YES;
				CLANG_WARN_UNGUARDED_AVAILABILITY = YES_AGGRESSIVE;
				CLANG_WARN_UNREACHABLE_CODE = YES;
				CLANG_WARN__DUPLICATE_METHOD_MATCH = YES;
				COPY_PHASE_STRIP = NO;
				DEBUG_INFORMATION_FORMAT = dwarf;
				ENABLE_STRICT_OBJC_MSGSEND = YES;
				ENABLE_TESTABILITY = YES;
				GCC_C_LANGUAGE_STANDARD = gnu11;
				GCC_DYNAMIC_NO_PIC = NO;
				GCC_NO_COMMON_BLOCKS = YES;
				GCC_OPTIMIZATION_LEVEL = 0;
				GCC_PREPROCESSOR_DEFINITIONS = (
					"DEBUG=1",
					"$(inherited)",
				);
				GCC_WARN_64_TO_32_BIT_CONVERSION = YES;
				GCC_WARN_ABOUT_RETURN_TYPE = YES_ERROR;
				GCC_WARN_UNDECLARED_SELECTOR = YES;
				GCC_WARN_UNINITIALIZED_AUTOS = YES_AGGRESSIVE;
				GCC_WARN_UNUSED_FUNCTION = YES;
				GCC_WARN_UNUSED_VARIABLE = YES;
				MACOSX_DEPLOYMENT_TARGET = 13.1;
				MTL_ENABLE_DEBUG_INFO = INCLUDE_SOURCE;
				MTL_FAST_MATH = YES;
				ONLY_ACTIVE_ARCH = YES;
				SDKROOT = macosx;
			};
			name = Debug;
		};
		29E7AB122BBBF8E900B6948A /* Release */ = {
			isa = XCBuildConfiguration;
			buildSettings = {
				ALWAYS_SEARCH_USER_PATHS = NO;
				CLANG_ANALYZER_NONNULL = YES;
				CLANG_ANALYZER_NUMBER_OBJECT_CONVERSION = YES_AGGRESSIVE;
				CLANG_CXX_LANGUAGE_STANDARD = "gnu++20";
				CLANG_ENABLE_MODULES = YES;
				CLANG_ENABLE_OBJC_ARC = YES;
				CLANG_ENABLE_OBJC_WEAK = YES;
				CLANG_WARN_BLOCK_CAPTURE_AUTORELEASING = YES;
				CLANG_WARN_BOOL_CONVERSION = YES;
				CLANG_WARN_COMMA = YES;
				CLANG_WARN_CONSTANT_CONVERSION = YES;
				CLANG_WARN_DEPRECATED_OBJC_IMPLEMENTATIONS = YES;
				CLANG_WARN_DIRECT_OBJC_ISA_USAGE = YES_ERROR;
				CLANG_WARN_DOCUMENTATION_COMMENTS = YES;
				CLANG_WARN_EMPTY_BODY = YES;
				CLANG_WARN_ENUM_CONVERSION = YES;
				CLANG_WARN_INFINITE_RECURSION = YES;
				CLANG_WARN_INT_CONVERSION = YES;
				CLANG_WARN_NON_LITERAL_NULL_CONVERSION = YES;
				CLANG_WARN_OBJC_IMPLICIT_RETAIN_SELF = YES;
				CLANG_WARN_OBJC_LITERAL_CONVERSION = YES;
				CLANG_WARN_OBJC_ROOT_CLASS = YES_ERROR;
				CLANG_WARN_QUOTED_INCLUDE_IN_FRAMEWORK_HEADER = YES;
				CLANG_WARN_RANGE_LOOP_ANALYSIS = YES;
				CLANG_WARN_STRICT_PROTOTYPES = YES;
				CLANG_WARN_SUSPICIOUS_MOVE = YES;
				CLANG_WARN_UNGUARDED_AVAILABILITY = YES_AGGRESSIVE;
				CLANG_WARN_UNREACHABLE_CODE = YES;
				CLANG_WARN__DUPLICATE_METHOD_MATCH = YES;
				COPY_PHASE_STRIP = NO;
				DEBUG_INFORMATION_FORMAT = "dwarf-with-dsym";
				ENABLE_NS_ASSERTIONS = NO;
				ENABLE_STRICT_OBJC_MSGSEND = YES;
				GCC_C_LANGUAGE_STANDARD = gnu11;
				GCC_NO_COMMON_BLOCKS = YES;
				GCC_WARN_64_TO_32_BIT_CONVERSION = YES;
				GCC_WARN_ABOUT_RETURN_TYPE = YES_ERROR;
				GCC_WARN_UNDECLARED_SELECTOR = YES;
				GCC_WARN_UNINITIALIZED_AUTOS = YES_AGGRESSIVE;
				GCC_WARN_UNUSED_FUNCTION = YES;
				GCC_WARN_UNUSED_VARIABLE = YES;
				MACOSX_DEPLOYMENT_TARGET = 13.1;
				MTL_ENABLE_DEBUG_INFO = NO;
				MTL_FAST_MATH = YES;
				SDKROOT = macosx;
			};
			name = Release;
		};
		29E7AB142BBBF8E900B6948A /* Debug */ = {
			isa = XCBuildConfiguration;
			buildSettings = {
				ARCHS = arm64e;
				CODE_SIGN_STYLE = Automatic;
				DEVELOPMENT_TEAM = HZKZ68B3H4;
				DYLIB_COMPATIBILITY_VERSION = 1;
				DYLIB_CURRENT_VERSION = 1;
				EXECUTABLE_PREFIX = lib;
				LIBRARY_SEARCH_PATHS = (
					"$(inherited)",
					"$(LOCAL_LIBRARY_DIR)/TweakInject",
				);
				PRODUCT_NAME = "$(TARGET_NAME)";
				SKIP_INSTALL = YES;
			};
			name = Debug;
		};
		29E7AB152BBBF8E900B6948A /* Release */ = {
			isa = XCBuildConfiguration;
			buildSettings = {
				ARCHS = arm64e;
				CODE_SIGN_STYLE = Automatic;
				DEVELOPMENT_TEAM = HZKZ68B3H4;
				DYLIB_COMPATIBILITY_VERSION = 1;
				DYLIB_CURRENT_VERSION = 1;
				EXECUTABLE_PREFIX = lib;
				LIBRARY_SEARCH_PATHS = (
					"$(inherited)",
					"$(LOCAL_LIBRARY_DIR)/TweakInject",
				);
				PRODUCT_NAME = "$(TARGET_NAME)";
				SKIP_INSTALL = YES;
			};
			name = Release;
		};
/* End XCBuildConfiguration section */

/* Begin XCConfigurationList section */
		29E7AB0A2BBBF8E900B6948A /* Build configuration list for PBXProject "calculator-tweak" */ = {
			isa = XCConfigurationList;
			buildConfigurations = (
				29E7AB112BBBF8E900B6948A /* Debug */,
				29E7AB122BBBF8E900B6948A /* Release */,
			);
			defaultConfigurationIsVisible = 0;
			defaultConfigurationName = Release;
		};
		29E7AB132BBBF8E900B6948A /* Build configuration list for PBXNativeTarget "calculator-tweak" */ = {
			isa = XCConfigurationList;
			buildConfigurations = (
				29E7AB142BBBF8E900B6948A /* Debug */,
				29E7AB152BBBF8E900B6948A /* Release */,
			);
			defaultConfigurationIsVisible = 0;
			defaultConfigurationName = Release;
		};
/* End XCConfigurationList section */
	};
	rootObject = 29E7AB072BBBF8E900B6948A /* Project object */;
}
